
Microsoft Visual Studio Solution File, Format Version 12.00
# Visual Studio 2013
VisualStudioVersion = 12.0.21005.1
MinimumVisualStudioVersion = 10.0.40219.1
Project("{FAE04EC0-301F-11D3-BF4B-00C04F79EFBC}") = "Problem1SquareRoot", "Problem1SquareRoot\Problem1SquareRoot.csproj", "{49517EB2-24F5-4700-BC24-F3FE555ED4DA}"
EndProject
Project("{FAE04EC0-301F-11D3-BF4B-00C04F79EFBC}") = "Problem2EnterNumbers", "Problem2EnterNumbers\Problem2EnterNumbers.csproj", "{1C678F7F-17F4-4D17-B256-F07352D6A639}"
EndProject
Global
	GlobalSection(SolutionConfigurationPlatforms) = preSolution
		Debug|Any CPU = Debug|Any CPU
		Release|Any CPU = Release|Any CPU
	EndGlobalSection
	GlobalSection(ProjectConfigurationPlatforms) = postSolution
		{49517EB2-24F5-4700-BC24-F3FE555ED4DA}.Debug|Any CPU.ActiveCfg = Debug|Any CPU
		{49517EB2-24F5-4700-BC24-F3FE555ED4DA}.Debug|Any CPU.Build.0 = Debug|Any CPU
		{49517EB2-24F5-4700-BC24-F3FE555ED4DA}.Release|Any CPU.ActiveCfg = Release|Any CPU
		{49517EB2-24F5-4700-BC24-F3FE555ED4DA}.Release|Any CPU.Build.0 = Release|Any CPU
		{1C678F7F-17F4-4D17-B256-F07352D6A639}.Debug|Any CPU.ActiveCfg = Debug|Any CPU
		{1C678F7F-17F4-4D17-B256-F07352D6A639}.Debug|Any CPU.Build.0 = Debug|Any CPU
		{1C678F7F-17F4-4D17-B256-F07352D6A639}.Release|Any CPU.ActiveCfg = Release|Any CPU
		{1C678F7F-17F4-4D17-B256-F07352D6A639}.Release|Any CPU.Build.0 = Release|Any CPU
	EndGlobalSection
	GlobalSection(SolutionProperties) = preSolution
		HideSolutionNode = FALSE
	EndGlobalSection
EndGlobal
