
Microsoft Visual Studio Solution File, Format Version 12.00
# Visual Studio 2013
VisualStudioVersion = 12.0.21005.1
MinimumVisualStudioVersion = 10.0.40219.1
Project("{FAE04EC0-301F-11D3-BF4B-00C04F79EFBC}") = "Problem1Persons", "Problem1Persons\Problem1Persons.csproj", "{88212792-806B-4F90-8689-B8CA129A04F6}"
EndProject
Project("{FAE04EC0-301F-11D3-BF4B-00C04F79EFBC}") = "Problem2LaptopShop", "Problem2LaptopShop\Problem2LaptopShop.csproj", "{F5C3EB7E-37B4-4327-AC0B-66C7EC5EAC5E}"
EndProject
Global
	GlobalSection(SolutionConfigurationPlatforms) = preSolution
		Debug|Any CPU = Debug|Any CPU
		Release|Any CPU = Release|Any CPU
	EndGlobalSection
	GlobalSection(ProjectConfigurationPlatforms) = postSolution
		{88212792-806B-4F90-8689-B8CA129A04F6}.Debug|Any CPU.ActiveCfg = Debug|Any CPU
		{88212792-806B-4F90-8689-B8CA129A04F6}.Debug|Any CPU.Build.0 = Debug|Any CPU
		{88212792-806B-4F90-8689-B8CA129A04F6}.Release|Any CPU.ActiveCfg = Release|Any CPU
		{88212792-806B-4F90-8689-B8CA129A04F6}.Release|Any CPU.Build.0 = Release|Any CPU
		{F5C3EB7E-37B4-4327-AC0B-66C7EC5EAC5E}.Debug|Any CPU.ActiveCfg = Debug|Any CPU
		{F5C3EB7E-37B4-4327-AC0B-66C7EC5EAC5E}.Debug|Any CPU.Build.0 = Debug|Any CPU
		{F5C3EB7E-37B4-4327-AC0B-66C7EC5EAC5E}.Release|Any CPU.ActiveCfg = Release|Any CPU
		{F5C3EB7E-37B4-4327-AC0B-66C7EC5EAC5E}.Release|Any CPU.Build.0 = Release|Any CPU
	EndGlobalSection
	GlobalSection(SolutionProperties) = preSolution
		HideSolutionNode = FALSE
	EndGlobalSection
EndGlobal
